
Microsoft Visual Studio Solution File, Format Version 12.00
# Visual Studio Version 16
VisualStudioVersion = 16.0.31702.278
MinimumVisualStudioVersion = 10.0.40219.1
Project("{FAE04EC0-301F-11D3-BF4B-00C04F79EFBC}") = "ClassesFlotte", "ClassesFlotte\ClassesFlotte.csproj", "{0ADC5DF5-278B-4038-A57A-7818E681C33B}"
EndProject
Project("{FAE04EC0-301F-11D3-BF4B-00C04F79EFBC}") = "ClassesFlotteTests", "ClassesFlotteTests\ClassesFlotteTests.csproj", "{B432B59E-404C-42B2-8D2E-A94A615773CF}"
EndProject
Global
	GlobalSection(SolutionConfigurationPlatforms) = preSolution
		Debug|Any CPU = Debug|Any CPU
		Release|Any CPU = Release|Any CPU
	EndGlobalSection
	GlobalSection(ProjectConfigurationPlatforms) = postSolution
		{0ADC5DF5-278B-4038-A57A-7818E681C33B}.Debug|Any CPU.ActiveCfg = Debug|Any CPU
		{0ADC5DF5-278B-4038-A57A-7818E681C33B}.Debug|Any CPU.Build.0 = Debug|Any CPU
		{0ADC5DF5-278B-4038-A57A-7818E681C33B}.Release|Any CPU.ActiveCfg = Release|Any CPU
		{0ADC5DF5-278B-4038-A57A-7818E681C33B}.Release|Any CPU.Build.0 = Release|Any CPU
		{B432B59E-404C-42B2-8D2E-A94A615773CF}.Debug|Any CPU.ActiveCfg = Debug|Any CPU
		{B432B59E-404C-42B2-8D2E-A94A615773CF}.Debug|Any CPU.Build.0 = Debug|Any CPU
		{B432B59E-404C-42B2-8D2E-A94A615773CF}.Release|Any CPU.ActiveCfg = Release|Any CPU
		{B432B59E-404C-42B2-8D2E-A94A615773CF}.Release|Any CPU.Build.0 = Release|Any CPU
	EndGlobalSection
	GlobalSection(SolutionProperties) = preSolution
		HideSolutionNode = FALSE
	EndGlobalSection
	GlobalSection(ExtensibilityGlobals) = postSolution
		SolutionGuid = {91640191-56EF-487C-A68F-281750C6A87C}
	EndGlobalSection
EndGlobal
